
Microsoft Visual Studio Solution File, Format Version 12.00
Project("{FAE04EC0-301F-11D3-BF4B-00C04F79EFBC}") = "NotesFE", "NotesFE\NotesFE.csproj", "{759C5414-3A77-47C7-8AC4-74E63CB72A60}"
EndProject
Global
	GlobalSection(SolutionConfigurationPlatforms) = preSolution
		Debug|Any CPU = Debug|Any CPU
		Release|Any CPU = Release|Any CPU
	EndGlobalSection
	GlobalSection(ProjectConfigurationPlatforms) = postSolution
		{759C5414-3A77-47C7-8AC4-74E63CB72A60}.Debug|Any CPU.ActiveCfg = Debug|Any CPU
		{759C5414-3A77-47C7-8AC4-74E63CB72A60}.Debug|Any CPU.Build.0 = Debug|Any CPU
		{759C5414-3A77-47C7-8AC4-74E63CB72A60}.Release|Any CPU.ActiveCfg = Release|Any CPU
		{759C5414-3A77-47C7-8AC4-74E63CB72A60}.Release|Any CPU.Build.0 = Release|Any CPU
	EndGlobalSection
EndGlobal
